// !$*UTF8*$!
{
	archiveVersion = 1;
	classes = {
	};
	objectVersion = 55;
	objects = {

/* Begin PBXBuildFile section */
		3F19A8DE27FFE1CA009A409F /* ProfileCollectionViewCell.swift in Sources */ = {isa = PBXBuildFile; fileRef = 3F19A8DD27FFE1CA009A409F /* ProfileCollectionViewCell.swift */; };
		3F4D63072801549200CD29FB /* Onboarding1ViewController.swift in Sources */ = {isa = PBXBuildFile; fileRef = 3F4D63062801549200CD29FB /* Onboarding1ViewController.swift */; };
		3F4D6309280154ED00CD29FB /* Onboarding2ViewController.swift in Sources */ = {isa = PBXBuildFile; fileRef = 3F4D6308280154ED00CD29FB /* Onboarding2ViewController.swift */; };
		3F63A5DA27F55FCD0038C286 /* AppDelegate.swift in Sources */ = {isa = PBXBuildFile; fileRef = 3F63A5D927F55FCD0038C286 /* AppDelegate.swift */; };
		3F63A5DC27F55FCD0038C286 /* SceneDelegate.swift in Sources */ = {isa = PBXBuildFile; fileRef = 3F63A5DB27F55FCD0038C286 /* SceneDelegate.swift */; };
		3F63A5DE27F55FCD0038C286 /* ViewController.swift in Sources */ = {isa = PBXBuildFile; fileRef = 3F63A5DD27F55FCD0038C286 /* ViewController.swift */; };
		3F63A5E127F55FCD0038C286 /* Main.storyboard in Resources */ = {isa = PBXBuildFile; fileRef = 3F63A5DF27F55FCD0038C286 /* Main.storyboard */; };
		3F63A5E327F55FD10038C286 /* Assets.xcassets in Resources */ = {isa = PBXBuildFile; fileRef = 3F63A5E227F55FD10038C286 /* Assets.xcassets */; };
		3F63A5E627F55FD10038C286 /* LaunchScreen.storyboard in Resources */ = {isa = PBXBuildFile; fileRef = 3F63A5E427F55FD10038C286 /* LaunchScreen.storyboard */; };
		3F63A5F127F55FD10038C286 /* SayangSemuanyaTests.swift in Sources */ = {isa = PBXBuildFile; fileRef = 3F63A5F027F55FD10038C286 /* SayangSemuanyaTests.swift */; };
		3F63A5FB27F55FD10038C286 /* SayangSemuanyaUITests.swift in Sources */ = {isa = PBXBuildFile; fileRef = 3F63A5FA27F55FD10038C286 /* SayangSemuanyaUITests.swift */; };
		3F63A5FD27F55FD10038C286 /* SayangSemuanyaUITestsLaunchTests.swift in Sources */ = {isa = PBXBuildFile; fileRef = 3F63A5FC27F55FD10038C286 /* SayangSemuanyaUITestsLaunchTests.swift */; };
		3FD679A127FCF93700D3474F /* OnboardingViewController.swift in Sources */ = {isa = PBXBuildFile; fileRef = 3FD679A027FCF93700D3474F /* OnboardingViewController.swift */; };
		3FD679A427FCFC3000D3474F /* UiViewExtension.swift in Sources */ = {isa = PBXBuildFile; fileRef = 3FD679A327FCFC3000D3474F /* UiViewExtension.swift */; };
		3FD679A627FCFD8200D3474F /* OnboardingSlide.swift in Sources */ = {isa = PBXBuildFile; fileRef = 3FD679A527FCFD8200D3474F /* OnboardingSlide.swift */; };
		3FD679A827FD042600D3474F /* OnboardingCollectionViewCell.swift in Sources */ = {isa = PBXBuildFile; fileRef = 3FD679A727FD042500D3474F /* OnboardingCollectionViewCell.swift */; };
		3FE549E12801727100406615 /* Onboarding3ViewController.swift in Sources */ = {isa = PBXBuildFile; fileRef = 3FE549E02801727100406615 /* Onboarding3ViewController.swift */; };
		65229BA727FEEBFB0067F646 /* UIViewController+Extension.swift in Sources */ = {isa = PBXBuildFile; fileRef = 65229BA627FEEBFB0067F646 /* UIViewController+Extension.swift */; };
		65229BA927FF185C0067F646 /* FoodDetailViewController.swift in Sources */ = {isa = PBXBuildFile; fileRef = 65229BA827FF185C0067F646 /* FoodDetailViewController.swift */; };
		65CC1CA127FB200F00B452DD /* FoodListTableViewCell.swift in Sources */ = {isa = PBXBuildFile; fileRef = 65CC1C9F27FB200F00B452DD /* FoodListTableViewCell.swift */; };
		65CC1CA227FB200F00B452DD /* FoodListTableViewCell.xib in Resources */ = {isa = PBXBuildFile; fileRef = 65CC1CA027FB200F00B452DD /* FoodListTableViewCell.xib */; };
		65CC1CD427FBEAD400B452DD /* Food.swift in Sources */ = {isa = PBXBuildFile; fileRef = 65CC1CD327FBEAD400B452DD /* Food.swift */; };
		65CC1CD827FBF8C500B452DD /* ListFoodViewController.swift in Sources */ = {isa = PBXBuildFile; fileRef = 65CC1CD727FBF8C500B452DD /* ListFoodViewController.swift */; };
/* End PBXBuildFile section */

/* Begin PBXContainerItemProxy section */
		3F63A5ED27F55FD10038C286 /* PBXContainerItemProxy */ = {
			isa = PBXContainerItemProxy;
			containerPortal = 3F63A5CE27F55FCD0038C286 /* Project object */;
			proxyType = 1;
			remoteGlobalIDString = 3F63A5D527F55FCD0038C286;
			remoteInfo = SayangSemuanya;
		};
		3F63A5F727F55FD10038C286 /* PBXContainerItemProxy */ = {
			isa = PBXContainerItemProxy;
			containerPortal = 3F63A5CE27F55FCD0038C286 /* Project object */;
			proxyType = 1;
			remoteGlobalIDString = 3F63A5D527F55FCD0038C286;
			remoteInfo = SayangSemuanya;
		};
/* End PBXContainerItemProxy section */

/* Begin PBXFileReference section */
		3F19A8DD27FFE1CA009A409F /* ProfileCollectionViewCell.swift */ = {isa = PBXFileReference; lastKnownFileType = sourcecode.swift; path = ProfileCollectionViewCell.swift; sourceTree = "<group>"; };
		3F4D63062801549200CD29FB /* Onboarding1ViewController.swift */ = {isa = PBXFileReference; lastKnownFileType = sourcecode.swift; path = Onboarding1ViewController.swift; sourceTree = "<group>"; };
		3F4D6308280154ED00CD29FB /* Onboarding2ViewController.swift */ = {isa = PBXFileReference; lastKnownFileType = sourcecode.swift; path = Onboarding2ViewController.swift; sourceTree = "<group>"; };
		3F63A5D627F55FCD0038C286 /* SayangSemuanya.app */ = {isa = PBXFileReference; explicitFileType = wrapper.application; includeInIndex = 0; path = SayangSemuanya.app; sourceTree = BUILT_PRODUCTS_DIR; };
		3F63A5D927F55FCD0038C286 /* AppDelegate.swift */ = {isa = PBXFileReference; lastKnownFileType = sourcecode.swift; path = AppDelegate.swift; sourceTree = "<group>"; };
		3F63A5DB27F55FCD0038C286 /* SceneDelegate.swift */ = {isa = PBXFileReference; lastKnownFileType = sourcecode.swift; path = SceneDelegate.swift; sourceTree = "<group>"; };
		3F63A5DD27F55FCD0038C286 /* ViewController.swift */ = {isa = PBXFileReference; lastKnownFileType = sourcecode.swift; path = ViewController.swift; sourceTree = "<group>"; };
		3F63A5E027F55FCD0038C286 /* Base */ = {isa = PBXFileReference; lastKnownFileType = file.storyboard; name = Base; path = Base.lproj/Main.storyboard; sourceTree = "<group>"; };
		3F63A5E227F55FD10038C286 /* Assets.xcassets */ = {isa = PBXFileReference; lastKnownFileType = folder.assetcatalog; path = Assets.xcassets; sourceTree = "<group>"; };
		3F63A5E527F55FD10038C286 /* Base */ = {isa = PBXFileReference; lastKnownFileType = file.storyboard; name = Base; path = Base.lproj/LaunchScreen.storyboard; sourceTree = "<group>"; };
		3F63A5E727F55FD10038C286 /* Info.plist */ = {isa = PBXFileReference; lastKnownFileType = text.plist.xml; path = Info.plist; sourceTree = "<group>"; };
		3F63A5EC27F55FD10038C286 /* SayangSemuanyaTests.xctest */ = {isa = PBXFileReference; explicitFileType = wrapper.cfbundle; includeInIndex = 0; path = SayangSemuanyaTests.xctest; sourceTree = BUILT_PRODUCTS_DIR; };
		3F63A5F027F55FD10038C286 /* SayangSemuanyaTests.swift */ = {isa = PBXFileReference; lastKnownFileType = sourcecode.swift; path = SayangSemuanyaTests.swift; sourceTree = "<group>"; };
		3F63A5F627F55FD10038C286 /* SayangSemuanyaUITests.xctest */ = {isa = PBXFileReference; explicitFileType = wrapper.cfbundle; includeInIndex = 0; path = SayangSemuanyaUITests.xctest; sourceTree = BUILT_PRODUCTS_DIR; };
		3F63A5FA27F55FD10038C286 /* SayangSemuanyaUITests.swift */ = {isa = PBXFileReference; lastKnownFileType = sourcecode.swift; path = SayangSemuanyaUITests.swift; sourceTree = "<group>"; };
		3F63A5FC27F55FD10038C286 /* SayangSemuanyaUITestsLaunchTests.swift */ = {isa = PBXFileReference; lastKnownFileType = sourcecode.swift; path = SayangSemuanyaUITestsLaunchTests.swift; sourceTree = "<group>"; };
		3FD679A027FCF93700D3474F /* OnboardingViewController.swift */ = {isa = PBXFileReference; lastKnownFileType = sourcecode.swift; path = OnboardingViewController.swift; sourceTree = "<group>"; };
		3FD679A327FCFC3000D3474F /* UiViewExtension.swift */ = {isa = PBXFileReference; lastKnownFileType = sourcecode.swift; path = UiViewExtension.swift; sourceTree = "<group>"; };
		3FD679A527FCFD8200D3474F /* OnboardingSlide.swift */ = {isa = PBXFileReference; lastKnownFileType = sourcecode.swift; path = OnboardingSlide.swift; sourceTree = "<group>"; };
		3FD679A727FD042500D3474F /* OnboardingCollectionViewCell.swift */ = {isa = PBXFileReference; lastKnownFileType = sourcecode.swift; path = OnboardingCollectionViewCell.swift; sourceTree = "<group>"; };
		3FE549E02801727100406615 /* Onboarding3ViewController.swift */ = {isa = PBXFileReference; lastKnownFileType = sourcecode.swift; path = Onboarding3ViewController.swift; sourceTree = "<group>"; };
		65229BA627FEEBFB0067F646 /* UIViewController+Extension.swift */ = {isa = PBXFileReference; lastKnownFileType = sourcecode.swift; path = "UIViewController+Extension.swift"; sourceTree = "<group>"; };
		65229BA827FF185C0067F646 /* FoodDetailViewController.swift */ = {isa = PBXFileReference; lastKnownFileType = sourcecode.swift; path = FoodDetailViewController.swift; sourceTree = "<group>"; };
		65CC1C9F27FB200F00B452DD /* FoodListTableViewCell.swift */ = {isa = PBXFileReference; lastKnownFileType = sourcecode.swift; path = FoodListTableViewCell.swift; sourceTree = "<group>"; };
		65CC1CA027FB200F00B452DD /* FoodListTableViewCell.xib */ = {isa = PBXFileReference; lastKnownFileType = file.xib; path = FoodListTableViewCell.xib; sourceTree = "<group>"; };
		65CC1CD327FBEAD400B452DD /* Food.swift */ = {isa = PBXFileReference; lastKnownFileType = sourcecode.swift; path = Food.swift; sourceTree = "<group>"; };
		65CC1CD727FBF8C500B452DD /* ListFoodViewController.swift */ = {isa = PBXFileReference; lastKnownFileType = sourcecode.swift; path = ListFoodViewController.swift; sourceTree = "<group>"; };
/* End PBXFileReference section */

/* Begin PBXFrameworksBuildPhase section */
		3F63A5D327F55FCD0038C286 /* Frameworks */ = {
			isa = PBXFrameworksBuildPhase;
			buildActionMask = 2147483647;
			files = (
			);
			runOnlyForDeploymentPostprocessing = 0;
		};
		3F63A5E927F55FD10038C286 /* Frameworks */ = {
			isa = PBXFrameworksBuildPhase;
			buildActionMask = 2147483647;
			files = (
			);
			runOnlyForDeploymentPostprocessing = 0;
		};
		3F63A5F327F55FD10038C286 /* Frameworks */ = {
			isa = PBXFrameworksBuildPhase;
			buildActionMask = 2147483647;
			files = (
			);
			runOnlyForDeploymentPostprocessing = 0;
		};
/* End PBXFrameworksBuildPhase section */

/* Begin PBXGroup section */
		3F63A5CD27F55FCD0038C286 = {
			isa = PBXGroup;
			children = (
				3F63A5D827F55FCD0038C286 /* SayangSemuanya */,
				3F63A5EF27F55FD10038C286 /* SayangSemuanyaTests */,
				3F63A5F927F55FD10038C286 /* SayangSemuanyaUITests */,
				3F63A5D727F55FCD0038C286 /* Products */,
			);
			sourceTree = "<group>";
		};
		3F63A5D727F55FCD0038C286 /* Products */ = {
			isa = PBXGroup;
			children = (
				3F63A5D627F55FCD0038C286 /* SayangSemuanya.app */,
				3F63A5EC27F55FD10038C286 /* SayangSemuanyaTests.xctest */,
				3F63A5F627F55FD10038C286 /* SayangSemuanyaUITests.xctest */,
			);
			name = Products;
			sourceTree = "<group>";
		};
		3F63A5D827F55FCD0038C286 /* SayangSemuanya */ = {
			isa = PBXGroup;
			children = (
				3FD679A227FCFC0C00D3474F /* Extensions */,
				65CC1CD527FBF7DF00B452DD /* Views */,
				65CC1CD227FBEAC100B452DD /* Models */,
				65CC1C9C27FB1F9500B452DD /* CustomViews */,
				3F63A5D927F55FCD0038C286 /* AppDelegate.swift */,
				3F63A5DB27F55FCD0038C286 /* SceneDelegate.swift */,
				3F63A5DD27F55FCD0038C286 /* ViewController.swift */,
				3F63A5DF27F55FCD0038C286 /* Main.storyboard */,
				3F63A5E227F55FD10038C286 /* Assets.xcassets */,
				3F63A5E427F55FD10038C286 /* LaunchScreen.storyboard */,
				3F63A5E727F55FD10038C286 /* Info.plist */,
			);
			path = SayangSemuanya;
			sourceTree = "<group>";
		};
		3F63A5EF27F55FD10038C286 /* SayangSemuanyaTests */ = {
			isa = PBXGroup;
			children = (
				3F63A5F027F55FD10038C286 /* SayangSemuanyaTests.swift */,
			);
			path = SayangSemuanyaTests;
			sourceTree = "<group>";
		};
		3F63A5F927F55FD10038C286 /* SayangSemuanyaUITests */ = {
			isa = PBXGroup;
			children = (
				3F63A5FA27F55FD10038C286 /* SayangSemuanyaUITests.swift */,
				3F63A5FC27F55FD10038C286 /* SayangSemuanyaUITestsLaunchTests.swift */,
			);
			path = SayangSemuanyaUITests;
			sourceTree = "<group>";
		};
		3FD6799F27FCF8F900D3474F /* Onboarding */ = {
			isa = PBXGroup;
			children = (
				3FD679A027FCF93700D3474F /* OnboardingViewController.swift */,
				3FD679A727FD042500D3474F /* OnboardingCollectionViewCell.swift */,
				3F19A8DD27FFE1CA009A409F /* ProfileCollectionViewCell.swift */,
				3F4D63062801549200CD29FB /* Onboarding1ViewController.swift */,
				3F4D6308280154ED00CD29FB /* Onboarding2ViewController.swift */,
				3FE549E02801727100406615 /* Onboarding3ViewController.swift */,
			);
			path = Onboarding;
			sourceTree = "<group>";
		};
		3FD679A227FCFC0C00D3474F /* Extensions */ = {
			isa = PBXGroup;
			children = (
				3FD679A327FCFC3000D3474F /* UiViewExtension.swift */,
				65229BA627FEEBFB0067F646 /* UIViewController+Extension.swift */,
			);
			path = Extensions;
			sourceTree = "<group>";
		};
		65229BA327FEE9790067F646 /* FoodDetails */ = {
			isa = PBXGroup;
			children = (
				65229BA827FF185C0067F646 /* FoodDetailViewController.swift */,
			);
			path = FoodDetails;
			sourceTree = "<group>";
		};
		65CC1C9C27FB1F9500B452DD /* CustomViews */ = {
			isa = PBXGroup;
			children = (
				65CC1C9D27FB1FA100B452DD /* TableViewsCell */,
			);
			path = CustomViews;
			sourceTree = "<group>";
		};
		65CC1C9D27FB1FA100B452DD /* TableViewsCell */ = {
			isa = PBXGroup;
			children = (
				65CC1C9E27FB1FD300B452DD /* FoodListTableViewCell */,
			);
			path = TableViewsCell;
			sourceTree = "<group>";
		};
		65CC1C9E27FB1FD300B452DD /* FoodListTableViewCell */ = {
			isa = PBXGroup;
			children = (
				65CC1C9F27FB200F00B452DD /* FoodListTableViewCell.swift */,
				65CC1CA027FB200F00B452DD /* FoodListTableViewCell.xib */,
			);
			path = FoodListTableViewCell;
			sourceTree = "<group>";
		};
		65CC1CD227FBEAC100B452DD /* Models */ = {
			isa = PBXGroup;
			children = (
				65CC1CD327FBEAD400B452DD /* Food.swift */,
				3FD679A527FCFD8200D3474F /* OnboardingSlide.swift */,
			);
			path = Models;
			sourceTree = "<group>";
		};
		65CC1CD527FBF7DF00B452DD /* Views */ = {
			isa = PBXGroup;
			children = (
				65229BA327FEE9790067F646 /* FoodDetails */,
				3FD6799F27FCF8F900D3474F /* Onboarding */,
				65CC1CD627FBF87C00B452DD /* ListFood */,
			);
			path = Views;
			sourceTree = "<group>";
		};
		65CC1CD627FBF87C00B452DD /* ListFood */ = {
			isa = PBXGroup;
			children = (
				65CC1CD727FBF8C500B452DD /* ListFoodViewController.swift */,
			);
			path = ListFood;
			sourceTree = "<group>";
		};
/* End PBXGroup section */

/* Begin PBXNativeTarget section */
		3F63A5D527F55FCD0038C286 /* SayangSemuanya */ = {
			isa = PBXNativeTarget;
			buildConfigurationList = 3F63A60027F55FD10038C286 /* Build configuration list for PBXNativeTarget "SayangSemuanya" */;
			buildPhases = (
				3F63A5D227F55FCD0038C286 /* Sources */,
				3F63A5D327F55FCD0038C286 /* Frameworks */,
				3F63A5D427F55FCD0038C286 /* Resources */,
			);
			buildRules = (
			);
			dependencies = (
			);
			name = SayangSemuanya;
			productName = SayangSemuanya;
			productReference = 3F63A5D627F55FCD0038C286 /* SayangSemuanya.app */;
			productType = "com.apple.product-type.application";
		};
		3F63A5EB27F55FD10038C286 /* SayangSemuanyaTests */ = {
			isa = PBXNativeTarget;
			buildConfigurationList = 3F63A60327F55FD10038C286 /* Build configuration list for PBXNativeTarget "SayangSemuanyaTests" */;
			buildPhases = (
				3F63A5E827F55FD10038C286 /* Sources */,
				3F63A5E927F55FD10038C286 /* Frameworks */,
				3F63A5EA27F55FD10038C286 /* Resources */,
			);
			buildRules = (
			);
			dependencies = (
				3F63A5EE27F55FD10038C286 /* PBXTargetDependency */,
			);
			name = SayangSemuanyaTests;
			productName = SayangSemuanyaTests;
			productReference = 3F63A5EC27F55FD10038C286 /* SayangSemuanyaTests.xctest */;
			productType = "com.apple.product-type.bundle.unit-test";
		};
		3F63A5F527F55FD10038C286 /* SayangSemuanyaUITests */ = {
			isa = PBXNativeTarget;
			buildConfigurationList = 3F63A60627F55FD10038C286 /* Build configuration list for PBXNativeTarget "SayangSemuanyaUITests" */;
			buildPhases = (
				3F63A5F227F55FD10038C286 /* Sources */,
				3F63A5F327F55FD10038C286 /* Frameworks */,
				3F63A5F427F55FD10038C286 /* Resources */,
			);
			buildRules = (
			);
			dependencies = (
				3F63A5F827F55FD10038C286 /* PBXTargetDependency */,
			);
			name = SayangSemuanyaUITests;
			productName = SayangSemuanyaUITests;
			productReference = 3F63A5F627F55FD10038C286 /* SayangSemuanyaUITests.xctest */;
			productType = "com.apple.product-type.bundle.ui-testing";
		};
/* End PBXNativeTarget section */

/* Begin PBXProject section */
		3F63A5CE27F55FCD0038C286 /* Project object */ = {
			isa = PBXProject;
			attributes = {
				BuildIndependentTargetsInParallel = 1;
				LastSwiftUpdateCheck = 1330;
				LastUpgradeCheck = 1330;
				TargetAttributes = {
					3F63A5D527F55FCD0038C286 = {
						CreatedOnToolsVersion = 13.3;
					};
					3F63A5EB27F55FD10038C286 = {
						CreatedOnToolsVersion = 13.3;
						TestTargetID = 3F63A5D527F55FCD0038C286;
					};
					3F63A5F527F55FD10038C286 = {
						CreatedOnToolsVersion = 13.3;
						TestTargetID = 3F63A5D527F55FCD0038C286;
					};
				};
			};
			buildConfigurationList = 3F63A5D127F55FCD0038C286 /* Build configuration list for PBXProject "SayangSemuanya" */;
			compatibilityVersion = "Xcode 13.0";
			developmentRegion = en;
			hasScannedForEncodings = 0;
			knownRegions = (
				en,
				Base,
			);
			mainGroup = 3F63A5CD27F55FCD0038C286;
			productRefGroup = 3F63A5D727F55FCD0038C286 /* Products */;
			projectDirPath = "";
			projectRoot = "";
			targets = (
				3F63A5D527F55FCD0038C286 /* SayangSemuanya */,
				3F63A5EB27F55FD10038C286 /* SayangSemuanyaTests */,
				3F63A5F527F55FD10038C286 /* SayangSemuanyaUITests */,
			);
		};
/* End PBXProject section */

/* Begin PBXResourcesBuildPhase section */
		3F63A5D427F55FCD0038C286 /* Resources */ = {
			isa = PBXResourcesBuildPhase;
			buildActionMask = 2147483647;
			files = (
				3F63A5E627F55FD10038C286 /* LaunchScreen.storyboard in Resources */,
				3F63A5E327F55FD10038C286 /* Assets.xcassets in Resources */,
				65CC1CA227FB200F00B452DD /* FoodListTableViewCell.xib in Resources */,
				3F63A5E127F55FCD0038C286 /* Main.storyboard in Resources */,
			);
			runOnlyForDeploymentPostprocessing = 0;
		};
		3F63A5EA27F55FD10038C286 /* Resources */ = {
			isa = PBXResourcesBuildPhase;
			buildActionMask = 2147483647;
			files = (
			);
			runOnlyForDeploymentPostprocessing = 0;
		};
		3F63A5F427F55FD10038C286 /* Resources */ = {
			isa = PBXResourcesBuildPhase;
			buildActionMask = 2147483647;
			files = (
			);
			runOnlyForDeploymentPostprocessing = 0;
		};
/* End PBXResourcesBuildPhase section */

/* Begin PBXSourcesBuildPhase section */
		3F63A5D227F55FCD0038C286 /* Sources */ = {
			isa = PBXSourcesBuildPhase;
			buildActionMask = 2147483647;
			files = (
				3F63A5DE27F55FCD0038C286 /* ViewController.swift in Sources */,
				65CC1CA127FB200F00B452DD /* FoodListTableViewCell.swift in Sources */,
				65229BA727FEEBFB0067F646 /* UIViewController+Extension.swift in Sources */,
				3F4D6309280154ED00CD29FB /* Onboarding2ViewController.swift in Sources */,
				65229BA927FF185C0067F646 /* FoodDetailViewController.swift in Sources */,
				65CC1CD427FBEAD400B452DD /* Food.swift in Sources */,
				3F63A5DA27F55FCD0038C286 /* AppDelegate.swift in Sources */,
				3FD679A127FCF93700D3474F /* OnboardingViewController.swift in Sources */,
				65CC1CD827FBF8C500B452DD /* ListFoodViewController.swift in Sources */,
				3F19A8DE27FFE1CA009A409F /* ProfileCollectionViewCell.swift in Sources */,
				3FD679A427FCFC3000D3474F /* UiViewExtension.swift in Sources */,
				3FD679A827FD042600D3474F /* OnboardingCollectionViewCell.swift in Sources */,
				3F4D63072801549200CD29FB /* Onboarding1ViewController.swift in Sources */,
				3FD679A627FCFD8200D3474F /* OnboardingSlide.swift in Sources */,
				3F63A5DC27F55FCD0038C286 /* SceneDelegate.swift in Sources */,
				3FE549E12801727100406615 /* Onboarding3ViewController.swift in Sources */,
			);
			runOnlyForDeploymentPostprocessing = 0;
		};
		3F63A5E827F55FD10038C286 /* Sources */ = {
			isa = PBXSourcesBuildPhase;
			buildActionMask = 2147483647;
			files = (
				3F63A5F127F55FD10038C286 /* SayangSemuanyaTests.swift in Sources */,
			);
			runOnlyForDeploymentPostprocessing = 0;
		};
		3F63A5F227F55FD10038C286 /* Sources */ = {
			isa = PBXSourcesBuildPhase;
			buildActionMask = 2147483647;
			files = (
				3F63A5FD27F55FD10038C286 /* SayangSemuanyaUITestsLaunchTests.swift in Sources */,
				3F63A5FB27F55FD10038C286 /* SayangSemuanyaUITests.swift in Sources */,
			);
			runOnlyForDeploymentPostprocessing = 0;
		};
/* End PBXSourcesBuildPhase section */

/* Begin PBXTargetDependency section */
		3F63A5EE27F55FD10038C286 /* PBXTargetDependency */ = {
			isa = PBXTargetDependency;
			target = 3F63A5D527F55FCD0038C286 /* SayangSemuanya */;
			targetProxy = 3F63A5ED27F55FD10038C286 /* PBXContainerItemProxy */;
		};
		3F63A5F827F55FD10038C286 /* PBXTargetDependency */ = {
			isa = PBXTargetDependency;
			target = 3F63A5D527F55FCD0038C286 /* SayangSemuanya */;
			targetProxy = 3F63A5F727F55FD10038C286 /* PBXContainerItemProxy */;
		};
/* End PBXTargetDependency section */

/* Begin PBXVariantGroup section */
		3F63A5DF27F55FCD0038C286 /* Main.storyboard */ = {
			isa = PBXVariantGroup;
			children = (
				3F63A5E027F55FCD0038C286 /* Base */,
			);
			name = Main.storyboard;
			sourceTree = "<group>";
		};
		3F63A5E427F55FD10038C286 /* LaunchScreen.storyboard */ = {
			isa = PBXVariantGroup;
			children = (
				3F63A5E527F55FD10038C286 /* Base */,
			);
			name = LaunchScreen.storyboard;
			sourceTree = "<group>";
		};
/* End PBXVariantGroup section */

/* Begin XCBuildConfiguration section */
		3F63A5FE27F55FD10038C286 /* Debug */ = {
			isa = XCBuildConfiguration;
			buildSettings = {
				ALWAYS_SEARCH_USER_PATHS = NO;
				CLANG_ANALYZER_NONNULL = YES;
				CLANG_ANALYZER_NUMBER_OBJECT_CONVERSION = YES_AGGRESSIVE;
				CLANG_CXX_LANGUAGE_STANDARD = "gnu++17";
				CLANG_ENABLE_MODULES = YES;
				CLANG_ENABLE_OBJC_ARC = YES;
				CLANG_ENABLE_OBJC_WEAK = YES;
				CLANG_WARN_BLOCK_CAPTURE_AUTORELEASING = YES;
				CLANG_WARN_BOOL_CONVERSION = YES;
				CLANG_WARN_COMMA = YES;
				CLANG_WARN_CONSTANT_CONVERSION = YES;
				CLANG_WARN_DEPRECATED_OBJC_IMPLEMENTATIONS = YES;
				CLANG_WARN_DIRECT_OBJC_ISA_USAGE = YES_ERROR;
				CLANG_WARN_DOCUMENTATION_COMMENTS = YES;
				CLANG_WARN_EMPTY_BODY = YES;
				CLANG_WARN_ENUM_CONVERSION = YES;
				CLANG_WARN_INFINITE_RECURSION = YES;
				CLANG_WARN_INT_CONVERSION = YES;
				CLANG_WARN_NON_LITERAL_NULL_CONVERSION = YES;
				CLANG_WARN_OBJC_IMPLICIT_RETAIN_SELF = YES;
				CLANG_WARN_OBJC_LITERAL_CONVERSION = YES;
				CLANG_WARN_OBJC_ROOT_CLASS = YES_ERROR;
				CLANG_WARN_QUOTED_INCLUDE_IN_FRAMEWORK_HEADER = YES;
				CLANG_WARN_RANGE_LOOP_ANALYSIS = YES;
				CLANG_WARN_STRICT_PROTOTYPES = YES;
				CLANG_WARN_SUSPICIOUS_MOVE = YES;
				CLANG_WARN_UNGUARDED_AVAILABILITY = YES_AGGRESSIVE;
				CLANG_WARN_UNREACHABLE_CODE = YES;
				CLANG_WARN__DUPLICATE_METHOD_MATCH = YES;
				COPY_PHASE_STRIP = NO;
				DEBUG_INFORMATION_FORMAT = dwarf;
				ENABLE_STRICT_OBJC_MSGSEND = YES;
				ENABLE_TESTABILITY = YES;
				GCC_C_LANGUAGE_STANDARD = gnu11;
				GCC_DYNAMIC_NO_PIC = NO;
				GCC_NO_COMMON_BLOCKS = YES;
				GCC_OPTIMIZATION_LEVEL = 0;
				GCC_PREPROCESSOR_DEFINITIONS = (
					"DEBUG=1",
					"$(inherited)",
				);
				GCC_WARN_64_TO_32_BIT_CONVERSION = YES;
				GCC_WARN_ABOUT_RETURN_TYPE = YES_ERROR;
				GCC_WARN_UNDECLARED_SELECTOR = YES;
				GCC_WARN_UNINITIALIZED_AUTOS = YES_AGGRESSIVE;
				GCC_WARN_UNUSED_FUNCTION = YES;
				GCC_WARN_UNUSED_VARIABLE = YES;
				IPHONEOS_DEPLOYMENT_TARGET = 15.4;
				MTL_ENABLE_DEBUG_INFO = INCLUDE_SOURCE;
				MTL_FAST_MATH = YES;
				ONLY_ACTIVE_ARCH = YES;
				SDKROOT = iphoneos;
				SWIFT_ACTIVE_COMPILATION_CONDITIONS = DEBUG;
				SWIFT_OPTIMIZATION_LEVEL = "-Onone";
			};
			name = Debug;
		};
		3F63A5FF27F55FD10038C286 /* Release */ = {
			isa = XCBuildConfiguration;
			buildSettings = {
				ALWAYS_SEARCH_USER_PATHS = NO;
				CLANG_ANALYZER_NONNULL = YES;
				CLANG_ANALYZER_NUMBER_OBJECT_CONVERSION = YES_AGGRESSIVE;
				CLANG_CXX_LANGUAGE_STANDARD = "gnu++17";
				CLANG_ENABLE_MODULES = YES;
				CLANG_ENABLE_OBJC_ARC = YES;
				CLANG_ENABLE_OBJC_WEAK = YES;
				CLANG_WARN_BLOCK_CAPTURE_AUTORELEASING = YES;
				CLANG_WARN_BOOL_CONVERSION = YES;
				CLANG_WARN_COMMA = YES;
				CLANG_WARN_CONSTANT_CONVERSION = YES;
				CLANG_WARN_DEPRECATED_OBJC_IMPLEMENTATIONS = YES;
				CLANG_WARN_DIRECT_OBJC_ISA_USAGE = YES_ERROR;
				CLANG_WARN_DOCUMENTATION_COMMENTS = YES;
				CLANG_WARN_EMPTY_BODY = YES;
				CLANG_WARN_ENUM_CONVERSION = YES;
				CLANG_WARN_INFINITE_RECURSION = YES;
				CLANG_WARN_INT_CONVERSION = YES;
				CLANG_WARN_NON_LITERAL_NULL_CONVERSION = YES;
				CLANG_WARN_OBJC_IMPLICIT_RETAIN_SELF = YES;
				CLANG_WARN_OBJC_LITERAL_CONVERSION = YES;
				CLANG_WARN_OBJC_ROOT_CLASS = YES_ERROR;
				CLANG_WARN_QUOTED_INCLUDE_IN_FRAMEWORK_HEADER = YES;
				CLANG_WARN_RANGE_LOOP_ANALYSIS = YES;
				CLANG_WARN_STRICT_PROTOTYPES = YES;
				CLANG_WARN_SUSPICIOUS_MOVE = YES;
				CLANG_WARN_UNGUARDED_AVAILABILITY = YES_AGGRESSIVE;
				CLANG_WARN_UNREACHABLE_CODE = YES;
				CLANG_WARN__DUPLICATE_METHOD_MATCH = YES;
				COPY_PHASE_STRIP = NO;
				DEBUG_INFORMATION_FORMAT = "dwarf-with-dsym";
				ENABLE_NS_ASSERTIONS = NO;
				ENABLE_STRICT_OBJC_MSGSEND = YES;
				GCC_C_LANGUAGE_STANDARD = gnu11;
				GCC_NO_COMMON_BLOCKS = YES;
				GCC_WARN_64_TO_32_BIT_CONVERSION = YES;
				GCC_WARN_ABOUT_RETURN_TYPE = YES_ERROR;
				GCC_WARN_UNDECLARED_SELECTOR = YES;
				GCC_WARN_UNINITIALIZED_AUTOS = YES_AGGRESSIVE;
				GCC_WARN_UNUSED_FUNCTION = YES;
				GCC_WARN_UNUSED_VARIABLE = YES;
				IPHONEOS_DEPLOYMENT_TARGET = 15.4;
				MTL_ENABLE_DEBUG_INFO = NO;
				MTL_FAST_MATH = YES;
				SDKROOT = iphoneos;
				SWIFT_COMPILATION_MODE = wholemodule;
				SWIFT_OPTIMIZATION_LEVEL = "-O";
				VALIDATE_PRODUCT = YES;
			};
			name = Release;
		};
		3F63A60127F55FD10038C286 /* Debug */ = {
			isa = XCBuildConfiguration;
			buildSettings = {
				ASSETCATALOG_COMPILER_APPICON_NAME = AppIcon;
				ASSETCATALOG_COMPILER_GLOBAL_ACCENT_COLOR_NAME = AccentColor;
				CODE_SIGN_STYLE = Automatic;
				CURRENT_PROJECT_VERSION = 1;
				DEVELOPMENT_TEAM = X9F4XX5FX5;
				GENERATE_INFOPLIST_FILE = YES;
				INFOPLIST_FILE = SayangSemuanya/Info.plist;
				INFOPLIST_KEY_UIApplicationSupportsIndirectInputEvents = YES;
				INFOPLIST_KEY_UILaunchStoryboardName = LaunchScreen;
				INFOPLIST_KEY_UIMainStoryboardFile = Main;
				INFOPLIST_KEY_UISupportedInterfaceOrientations = UIInterfaceOrientationPortrait;
				INFOPLIST_KEY_UISupportedInterfaceOrientations_iPad = "UIInterfaceOrientationPortrait UIInterfaceOrientationPortraitUpsideDown UIInterfaceOrientationLandscapeLeft UIInterfaceOrientationLandscapeRight";
				INFOPLIST_KEY_UISupportedInterfaceOrientations_iPhone = "UIInterfaceOrientationPortrait UIInterfaceOrientationLandscapeLeft UIInterfaceOrientationLandscapeRight";
				LD_RUNPATH_SEARCH_PATHS = (
					"$(inherited)",
					"@executable_path/Frameworks",
				);
				MARKETING_VERSION = 1.0;
				PRODUCT_BUNDLE_IDENTIFIER = "Sayang-Semuanya-com.gus.SayangSemuanya";
				PRODUCT_NAME = "$(TARGET_NAME)";
				SWIFT_EMIT_LOC_STRINGS = YES;
				SWIFT_VERSION = 5.0;
				TARGETED_DEVICE_FAMILY = "1,2";
			};
			name = Debug;
		};
		3F63A60227F55FD10038C286 /* Release */ = {
			isa = XCBuildConfiguration;
			buildSettings = {
				ASSETCATALOG_COMPILER_APPICON_NAME = AppIcon;
				ASSETCATALOG_COMPILER_GLOBAL_ACCENT_COLOR_NAME = AccentColor;
				CODE_SIGN_STYLE = Automatic;
				CURRENT_PROJECT_VERSION = 1;
				DEVELOPMENT_TEAM = X9F4XX5FX5;
				GENERATE_INFOPLIST_FILE = YES;
				INFOPLIST_FILE = SayangSemuanya/Info.plist;
				INFOPLIST_KEY_UIApplicationSupportsIndirectInputEvents = YES;
				INFOPLIST_KEY_UILaunchStoryboardName = LaunchScreen;
				INFOPLIST_KEY_UIMainStoryboardFile = Main;
				INFOPLIST_KEY_UISupportedInterfaceOrientations = UIInterfaceOrientationPortrait;
				INFOPLIST_KEY_UISupportedInterfaceOrientations_iPad = "UIInterfaceOrientationPortrait UIInterfaceOrientationPortraitUpsideDown UIInterfaceOrientationLandscapeLeft UIInterfaceOrientationLandscapeRight";
				INFOPLIST_KEY_UISupportedInterfaceOrientations_iPhone = "UIInterfaceOrientationPortrait UIInterfaceOrientationLandscapeLeft UIInterfaceOrientationLandscapeRight";
				LD_RUNPATH_SEARCH_PATHS = (
					"$(inherited)",
					"@executable_path/Frameworks",
				);
				MARKETING_VERSION = 1.0;
				PRODUCT_BUNDLE_IDENTIFIER = "Sayang-Semuanya-com.gus.SayangSemuanya";
				PRODUCT_NAME = "$(TARGET_NAME)";
				SWIFT_EMIT_LOC_STRINGS = YES;
				SWIFT_VERSION = 5.0;
				TARGETED_DEVICE_FAMILY = "1,2";
			};
			name = Release;
		};
		3F63A60427F55FD10038C286 /* Debug */ = {
			isa = XCBuildConfiguration;
			buildSettings = {
				ALWAYS_EMBED_SWIFT_STANDARD_LIBRARIES = YES;
				BUNDLE_LOADER = "$(TEST_HOST)";
				CODE_SIGN_STYLE = Automatic;
				CURRENT_PROJECT_VERSION = 1;
				DEVELOPMENT_TEAM = X9F4XX5FX5;
				GENERATE_INFOPLIST_FILE = YES;
				IPHONEOS_DEPLOYMENT_TARGET = 15.4;
				MARKETING_VERSION = 1.0;
				PRODUCT_BUNDLE_IDENTIFIER = "Sayang-Semuanya-com.gus.SayangSemuanyaTests";
				PRODUCT_NAME = "$(TARGET_NAME)";
				SWIFT_EMIT_LOC_STRINGS = NO;
				SWIFT_VERSION = 5.0;
				TARGETED_DEVICE_FAMILY = "1,2";
				TEST_HOST = "$(BUILT_PRODUCTS_DIR)/SayangSemuanya.app/SayangSemuanya";
			};
			name = Debug;
		};
		3F63A60527F55FD10038C286 /* Release */ = {
			isa = XCBuildConfiguration;
			buildSettings = {
				ALWAYS_EMBED_SWIFT_STANDARD_LIBRARIES = YES;
				BUNDLE_LOADER = "$(TEST_HOST)";
				CODE_SIGN_STYLE = Automatic;
				CURRENT_PROJECT_VERSION = 1;
				DEVELOPMENT_TEAM = X9F4XX5FX5;
				GENERATE_INFOPLIST_FILE = YES;
				IPHONEOS_DEPLOYMENT_TARGET = 15.4;
				MARKETING_VERSION = 1.0;
				PRODUCT_BUNDLE_IDENTIFIER = "Sayang-Semuanya-com.gus.SayangSemuanyaTests";
				PRODUCT_NAME = "$(TARGET_NAME)";
				SWIFT_EMIT_LOC_STRINGS = NO;
				SWIFT_VERSION = 5.0;
				TARGETED_DEVICE_FAMILY = "1,2";
				TEST_HOST = "$(BUILT_PRODUCTS_DIR)/SayangSemuanya.app/SayangSemuanya";
			};
			name = Release;
		};
		3F63A60727F55FD10038C286 /* Debug */ = {
			isa = XCBuildConfiguration;
			buildSettings = {
				ALWAYS_EMBED_SWIFT_STANDARD_LIBRARIES = YES;
				CODE_SIGN_STYLE = Automatic;
				CURRENT_PROJECT_VERSION = 1;
				DEVELOPMENT_TEAM = X9F4XX5FX5;
				GENERATE_INFOPLIST_FILE = YES;
				MARKETING_VERSION = 1.0;
				PRODUCT_BUNDLE_IDENTIFIER = "Sayang-Semuanya-com.gus.SayangSemuanyaUITests";
				PRODUCT_NAME = "$(TARGET_NAME)";
				SWIFT_EMIT_LOC_STRINGS = NO;
				SWIFT_VERSION = 5.0;
				TARGETED_DEVICE_FAMILY = "1,2";
				TEST_TARGET_NAME = SayangSemuanya;
			};
			name = Debug;
		};
		3F63A60827F55FD10038C286 /* Release */ = {
			isa = XCBuildConfiguration;
			buildSettings = {
				ALWAYS_EMBED_SWIFT_STANDARD_LIBRARIES = YES;
				CODE_SIGN_STYLE = Automatic;
				CURRENT_PROJECT_VERSION = 1;
				DEVELOPMENT_TEAM = X9F4XX5FX5;
				GENERATE_INFOPLIST_FILE = YES;
				MARKETING_VERSION = 1.0;
				PRODUCT_BUNDLE_IDENTIFIER = "Sayang-Semuanya-com.gus.SayangSemuanyaUITests";
				PRODUCT_NAME = "$(TARGET_NAME)";
				SWIFT_EMIT_LOC_STRINGS = NO;
				SWIFT_VERSION = 5.0;
				TARGETED_DEVICE_FAMILY = "1,2";
				TEST_TARGET_NAME = SayangSemuanya;
			};
			name = Release;
		};
/* End XCBuildConfiguration section */

/* Begin XCConfigurationList section */
		3F63A5D127F55FCD0038C286 /* Build configuration list for PBXProject "SayangSemuanya" */ = {
			isa = XCConfigurationList;
			buildConfigurations = (
				3F63A5FE27F55FD10038C286 /* Debug */,
				3F63A5FF27F55FD10038C286 /* Release */,
			);
			defaultConfigurationIsVisible = 0;
			defaultConfigurationName = Release;
		};
		3F63A60027F55FD10038C286 /* Build configuration list for PBXNativeTarget "SayangSemuanya" */ = {
			isa = XCConfigurationList;
			buildConfigurations = (
				3F63A60127F55FD10038C286 /* Debug */,
				3F63A60227F55FD10038C286 /* Release */,
			);
			defaultConfigurationIsVisible = 0;
			defaultConfigurationName = Release;
		};
		3F63A60327F55FD10038C286 /* Build configuration list for PBXNativeTarget "SayangSemuanyaTests" */ = {
			isa = XCConfigurationList;
			buildConfigurations = (
				3F63A60427F55FD10038C286 /* Debug */,
				3F63A60527F55FD10038C286 /* Release */,
			);
			defaultConfigurationIsVisible = 0;
			defaultConfigurationName = Release;
		};
		3F63A60627F55FD10038C286 /* Build configuration list for PBXNativeTarget "SayangSemuanyaUITests" */ = {
			isa = XCConfigurationList;
			buildConfigurations = (
				3F63A60727F55FD10038C286 /* Debug */,
				3F63A60827F55FD10038C286 /* Release */,
			);
			defaultConfigurationIsVisible = 0;
			defaultConfigurationName = Release;
		};
/* End XCConfigurationList section */
	};
	rootObject = 3F63A5CE27F55FCD0038C286 /* Project object */;
}
